// !$*UTF8*$!
{
	archiveVersion = 1;
	classes = {
	};
	objectVersion = 46;
	objects = {

/* Begin PBXBuildFile section */
		A873F3D81661D6E300E25643 /* Foundation.framework in Frameworks */ = {isa = PBXBuildFile; fileRef = A873F3D71661D6E300E25643 /* Foundation.framework */; };
		A873F3DA1661D6E300E25643 /* UIKit.framework in Frameworks */ = {isa = PBXBuildFile; fileRef = A873F3D91661D6E300E25643 /* UIKit.framework */; };
		A873F3DC1661D6E300E25643 /* CoreGraphics.framework in Frameworks */ = {isa = PBXBuildFile; fileRef = A873F3DB1661D6E300E25643 /* CoreGraphics.framework */; };
		A873F3DE1661D6E300E25643 /* AddressBook.framework in Frameworks */ = {isa = PBXBuildFile; fileRef = A873F3DD1661D6E300E25643 /* AddressBook.framework */; };
		A873F3E01661D6E300E25643 /* AddressBookUI.framework in Frameworks */ = {isa = PBXBuildFile; fileRef = A873F3DF1661D6E300E25643 /* AddressBookUI.framework */; };
		A873F3E21661D6E300E25643 /* AudioToolbox.framework in Frameworks */ = {isa = PBXBuildFile; fileRef = A873F3E11661D6E300E25643 /* AudioToolbox.framework */; };
		A873F3E41661D6E300E25643 /* AVFoundation.framework in Frameworks */ = {isa = PBXBuildFile; fileRef = A873F3E31661D6E300E25643 /* AVFoundation.framework */; };
		A873F3E61661D6E300E25643 /* CoreLocation.framework in Frameworks */ = {isa = PBXBuildFile; fileRef = A873F3E51661D6E300E25643 /* CoreLocation.framework */; };
		A873F3E81661D6E300E25643 /* MediaPlayer.framework in Frameworks */ = {isa = PBXBuildFile; fileRef = A873F3E71661D6E300E25643 /* MediaPlayer.framework */; };
		A873F3EA1661D6E300E25643 /* QuartzCore.framework in Frameworks */ = {isa = PBXBuildFile; fileRef = A873F3E91661D6E300E25643 /* QuartzCore.framework */; };
		A873F3EC1661D6E300E25643 /* SystemConfiguration.framework in Frameworks */ = {isa = PBXBuildFile; fileRef = A873F3EB1661D6E300E25643 /* SystemConfiguration.framework */; };
		A873F3EE1661D6E300E25643 /* MobileCoreServices.framework in Frameworks */ = {isa = PBXBuildFile; fileRef = A873F3ED1661D6E300E25643 /* MobileCoreServices.framework */; };
		A873F3F01661D6E300E25643 /* CoreMedia.framework in Frameworks */ = {isa = PBXBuildFile; fileRef = A873F3EF1661D6E300E25643 /* CoreMedia.framework */; };
		A873F3F61661D6E300E25643 /* InfoPlist.strings in Resources */ = {isa = PBXBuildFile; fileRef = A873F3F41661D6E300E25643 /* InfoPlist.strings */; };
		A873F3F81661D6E300E25643 /* main.m in Sources */ = {isa = PBXBuildFile; fileRef = A873F3F71661D6E300E25643 /* main.m */; };
		A873F3FB1661D6E300E25643 /* Cordova.framework in Frameworks */ = {isa = PBXBuildFile; fileRef = A873F3FA1661D6E300E25643 /* Cordova.framework */; };
		A873F4001661D6E300E25643 /* Localizable.strings in Resources */ = {isa = PBXBuildFile; fileRef = A873F3FE1661D6E300E25643 /* Localizable.strings */; };
		A873F4041661D6E300E25643 /* Localizable.strings in Resources */ = {isa = PBXBuildFile; fileRef = A873F4021661D6E300E25643 /* Localizable.strings */; };
		A873F4081661D6E300E25643 /* Localizable.strings in Resources */ = {isa = PBXBuildFile; fileRef = A873F4061661D6E300E25643 /* Localizable.strings */; };
		A873F40C1661D6E300E25643 /* Localizable.strings in Resources */ = {isa = PBXBuildFile; fileRef = A873F40A1661D6E300E25643 /* Localizable.strings */; };
		A873F40F1661D6E300E25643 /* icon.png in Resources */ = {isa = PBXBuildFile; fileRef = A873F40E1661D6E300E25643 /* icon.png */; };
		A873F4111661D6E300E25643 /* icon@2x.png in Resources */ = {isa = PBXBuildFile; fileRef = A873F4101661D6E300E25643 /* icon@2x.png */; };
		A873F4131661D6E300E25643 /* icon-72.png in Resources */ = {isa = PBXBuildFile; fileRef = A873F4121661D6E300E25643 /* icon-72.png */; };
		A873F4161661D6E300E25643 /* Default~iphone.png in Resources */ = {isa = PBXBuildFile; fileRef = A873F4151661D6E300E25643 /* Default~iphone.png */; };
		A873F4181661D6E300E25643 /* Default@2x~iphone.png in Resources */ = {isa = PBXBuildFile; fileRef = A873F4171661D6E300E25643 /* Default@2x~iphone.png */; };
		A873F41A1661D6E300E25643 /* Capture.bundle in Resources */ = {isa = PBXBuildFile; fileRef = A873F4191661D6E300E25643 /* Capture.bundle */; };
		A873F41C1661D6E300E25643 /* Cordova.plist in Resources */ = {isa = PBXBuildFile; fileRef = A873F41B1661D6E300E25643 /* Cordova.plist */; };
		A873F4201661D6E300E25643 /* AppDelegate.m in Sources */ = {isa = PBXBuildFile; fileRef = A873F41F1661D6E300E25643 /* AppDelegate.m */; };
		A873F4231661D6E300E25643 /* MainViewController.m in Sources */ = {isa = PBXBuildFile; fileRef = A873F4221661D6E300E25643 /* MainViewController.m */; };
		A873F4251661D6E300E25643 /* MainViewController.xib in Resources */ = {isa = PBXBuildFile; fileRef = A873F4241661D6E300E25643 /* MainViewController.xib */; };
		A873F42F1661D70B00E25643 /* www in Resources */ = {isa = PBXBuildFile; fileRef = A873F42E1661D70B00E25643 /* www */; };
/* End PBXBuildFile section */

/* Begin PBXFileReference section */
		A873F3D31661D6E300E25643 /* Counter.app */ = {isa = PBXFileReference; explicitFileType = wrapper.application; includeInIndex = 0; path = Counter.app; sourceTree = BUILT_PRODUCTS_DIR; };
		A873F3D71661D6E300E25643 /* Foundation.framework */ = {isa = PBXFileReference; lastKnownFileType = wrapper.framework; name = Foundation.framework; path = System/Library/Frameworks/Foundation.framework; sourceTree = SDKROOT; };
		A873F3D91661D6E300E25643 /* UIKit.framework */ = {isa = PBXFileReference; lastKnownFileType = wrapper.framework; name = UIKit.framework; path = System/Library/Frameworks/UIKit.framework; sourceTree = SDKROOT; };
		A873F3DB1661D6E300E25643 /* CoreGraphics.framework */ = {isa = PBXFileReference; lastKnownFileType = wrapper.framework; name = CoreGraphics.framework; path = System/Library/Frameworks/CoreGraphics.framework; sourceTree = SDKROOT; };
		A873F3DD1661D6E300E25643 /* AddressBook.framework */ = {isa = PBXFileReference; lastKnownFileType = wrapper.framework; name = AddressBook.framework; path = System/Library/Frameworks/AddressBook.framework; sourceTree = SDKROOT; };
		A873F3DF1661D6E300E25643 /* AddressBookUI.framework */ = {isa = PBXFileReference; lastKnownFileType = wrapper.framework; name = AddressBookUI.framework; path = System/Library/Frameworks/AddressBookUI.framework; sourceTree = SDKROOT; };
		A873F3E11661D6E300E25643 /* AudioToolbox.framework */ = {isa = PBXFileReference; lastKnownFileType = wrapper.framework; name = AudioToolbox.framework; path = System/Library/Frameworks/AudioToolbox.framework; sourceTree = SDKROOT; };
		A873F3E31661D6E300E25643 /* AVFoundation.framework */ = {isa = PBXFileReference; lastKnownFileType = wrapper.framework; name = AVFoundation.framework; path = System/Library/Frameworks/AVFoundation.framework; sourceTree = SDKROOT; };
		A873F3E51661D6E300E25643 /* CoreLocation.framework */ = {isa = PBXFileReference; lastKnownFileType = wrapper.framework; name = CoreLocation.framework; path = System/Library/Frameworks/CoreLocation.framework; sourceTree = SDKROOT; };
		A873F3E71661D6E300E25643 /* MediaPlayer.framework */ = {isa = PBXFileReference; lastKnownFileType = wrapper.framework; name = MediaPlayer.framework; path = System/Library/Frameworks/MediaPlayer.framework; sourceTree = SDKROOT; };
		A873F3E91661D6E300E25643 /* QuartzCore.framework */ = {isa = PBXFileReference; lastKnownFileType = wrapper.framework; name = QuartzCore.framework; path = System/Library/Frameworks/QuartzCore.framework; sourceTree = SDKROOT; };
		A873F3EB1661D6E300E25643 /* SystemConfiguration.framework */ = {isa = PBXFileReference; lastKnownFileType = wrapper.framework; name = SystemConfiguration.framework; path = System/Library/Frameworks/SystemConfiguration.framework; sourceTree = SDKROOT; };
		A873F3ED1661D6E300E25643 /* MobileCoreServices.framework */ = {isa = PBXFileReference; lastKnownFileType = wrapper.framework; name = MobileCoreServices.framework; path = System/Library/Frameworks/MobileCoreServices.framework; sourceTree = SDKROOT; };
		A873F3EF1661D6E300E25643 /* CoreMedia.framework */ = {isa = PBXFileReference; lastKnownFileType = wrapper.framework; name = CoreMedia.framework; path = System/Library/Frameworks/CoreMedia.framework; sourceTree = SDKROOT; };
		A873F3F31661D6E300E25643 /* Counter-Info.plist */ = {isa = PBXFileReference; lastKnownFileType = text.plist.xml; path = "Counter-Info.plist"; sourceTree = "<group>"; };
		A873F3F51661D6E300E25643 /* en */ = {isa = PBXFileReference; lastKnownFileType = text.plist.strings; name = en; path = en.lproj/InfoPlist.strings; sourceTree = "<group>"; };
		A873F3F71661D6E300E25643 /* main.m */ = {isa = PBXFileReference; lastKnownFileType = sourcecode.c.objc; path = main.m; sourceTree = "<group>"; };
		A873F3F91661D6E300E25643 /* Counter-Prefix.pch */ = {isa = PBXFileReference; lastKnownFileType = sourcecode.c.h; path = "Counter-Prefix.pch"; sourceTree = "<group>"; };
		A873F3FA1661D6E300E25643 /* Cordova.framework */ = {isa = PBXFileReference; lastKnownFileType = wrapper.framework; name = Cordova.framework; path = /Users/Shared/Cordova/Frameworks/Cordova.framework; sourceTree = "<absolute>"; };
		A873F3FF1661D6E300E25643 /* en */ = {isa = PBXFileReference; lastKnownFileType = text.plist.strings; name = en; path = Resources/en.lproj/Localizable.strings; sourceTree = "<group>"; };
		A873F4031661D6E300E25643 /* es */ = {isa = PBXFileReference; lastKnownFileType = text.plist.strings; name = es; path = Resources/es.lproj/Localizable.strings; sourceTree = "<group>"; };
		A873F4071661D6E300E25643 /* de */ = {isa = PBXFileReference; lastKnownFileType = text.plist.strings; name = de; path = Resources/de.lproj/Localizable.strings; sourceTree = "<group>"; };
		A873F40B1661D6E300E25643 /* se */ = {isa = PBXFileReference; lastKnownFileType = text.plist.strings; name = se; path = Resources/se.lproj/Localizable.strings; sourceTree = "<group>"; };
		A873F40E1661D6E300E25643 /* icon.png */ = {isa = PBXFileReference; lastKnownFileType = image.png; name = icon.png; path = Resources/icons/icon.png; sourceTree = "<group>"; };
		A873F4101661D6E300E25643 /* icon@2x.png */ = {isa = PBXFileReference; lastKnownFileType = image.png; name = "icon@2x.png"; path = "Resources/icons/icon@2x.png"; sourceTree = "<group>"; };
		A873F4121661D6E300E25643 /* icon-72.png */ = {isa = PBXFileReference; lastKnownFileType = image.png; name = "icon-72.png"; path = "Resources/icons/icon-72.png"; sourceTree = "<group>"; };
		A873F4151661D6E300E25643 /* Default~iphone.png */ = {isa = PBXFileReference; lastKnownFileType = image.png; name = "Default~iphone.png"; path = "Resources/splash/Default~iphone.png"; sourceTree = "<group>"; };
		A873F4171661D6E300E25643 /* Default@2x~iphone.png */ = {isa = PBXFileReference; lastKnownFileType = image.png; name = "Default@2x~iphone.png"; path = "Resources/splash/Default@2x~iphone.png"; sourceTree = "<group>"; };
		A873F4191661D6E300E25643 /* Capture.bundle */ = {isa = PBXFileReference; lastKnownFileType = "wrapper.plug-in"; name = Capture.bundle; path = Resources/Capture.bundle; sourceTree = "<group>"; };
		A873F41B1661D6E300E25643 /* Cordova.plist */ = {isa = PBXFileReference; lastKnownFileType = text.plist.xml; path = Cordova.plist; sourceTree = "<group>"; };
		A873F41E1661D6E300E25643 /* AppDelegate.h */ = {isa = PBXFileReference; lastKnownFileType = sourcecode.c.h; name = AppDelegate.h; path = Classes/AppDelegate.h; sourceTree = "<group>"; };
		A873F41F1661D6E300E25643 /* AppDelegate.m */ = {isa = PBXFileReference; lastKnownFileType = sourcecode.c.objc; name = AppDelegate.m; path = Classes/AppDelegate.m; sourceTree = "<group>"; };
		A873F4211661D6E300E25643 /* MainViewController.h */ = {isa = PBXFileReference; lastKnownFileType = sourcecode.c.h; name = MainViewController.h; path = Classes/MainViewController.h; sourceTree = "<group>"; };
		A873F4221661D6E300E25643 /* MainViewController.m */ = {isa = PBXFileReference; lastKnownFileType = sourcecode.c.objc; name = MainViewController.m; path = Classes/MainViewController.m; sourceTree = "<group>"; };
		A873F4241661D6E300E25643 /* MainViewController.xib */ = {isa = PBXFileReference; lastKnownFileType = file.xib; name = MainViewController.xib; path = Classes/MainViewController.xib; sourceTree = "<group>"; };
		A873F4271661D6E300E25643 /* README */ = {isa = PBXFileReference; lastKnownFileType = text; name = README; path = Plugins/README; sourceTree = "<group>"; };
		A873F4281661D6E300E25643 /* verify.sh */ = {isa = PBXFileReference; lastKnownFileType = text.script.sh; path = verify.sh; sourceTree = "<group>"; };
		A873F42E1661D70B00E25643 /* www */ = {isa = PBXFileReference; lastKnownFileType = folder; path = www; sourceTree = "<group>"; };
/* End PBXFileReference section */

/* Begin PBXFrameworksBuildPhase section */
		A873F3CD1661D6E300E25643 /* Frameworks */ = {
			isa = PBXFrameworksBuildPhase;
			buildActionMask = 2147483647;
			files = (
				A873F3D81661D6E300E25643 /* Foundation.framework in Frameworks */,
				A873F3DA1661D6E300E25643 /* UIKit.framework in Frameworks */,
				A873F3DC1661D6E300E25643 /* CoreGraphics.framework in Frameworks */,
				A873F3DE1661D6E300E25643 /* AddressBook.framework in Frameworks */,
				A873F3E01661D6E300E25643 /* AddressBookUI.framework in Frameworks */,
				A873F3E21661D6E300E25643 /* AudioToolbox.framework in Frameworks */,
				A873F3E41661D6E300E25643 /* AVFoundation.framework in Frameworks */,
				A873F3E61661D6E300E25643 /* CoreLocation.framework in Frameworks */,
				A873F3E81661D6E300E25643 /* MediaPlayer.framework in Frameworks */,
				A873F3EA1661D6E300E25643 /* QuartzCore.framework in Frameworks */,
				A873F3EC1661D6E300E25643 /* SystemConfiguration.framework in Frameworks */,
				A873F3EE1661D6E300E25643 /* MobileCoreServices.framework in Frameworks */,
				A873F3F01661D6E300E25643 /* CoreMedia.framework in Frameworks */,
				A873F3FB1661D6E300E25643 /* Cordova.framework in Frameworks */,
			);
			runOnlyForDeploymentPostprocessing = 0;
		};
		A873F3D01661D6E300E25643 /* Frameworks */ = {
			isa = PBXFrameworksBuildPhase;
			buildActionMask = 2147483647;
			files = (
			);
			runOnlyForDeploymentPostprocessing = 0;
		};
/* End PBXFrameworksBuildPhase section */

/* Begin PBXGroup section */
		A873F3C51661D6E300E25643 = {
			isa = PBXGroup;
			children = (
				A873F42E1661D70B00E25643 /* www */,
				A873F3F11661D6E300E25643 /* Counter */,
				A873F3D61661D6E300E25643 /* Frameworks */,
				A873F3D41661D6E300E25643 /* Products */,
			);
			sourceTree = "<group>";
		};
		A873F3D41661D6E300E25643 /* Products */ = {
			isa = PBXGroup;
			children = (
				A873F3D31661D6E300E25643 /* Counter.app */,
			);
			name = Products;
			sourceTree = "<group>";
		};
		A873F3D61661D6E300E25643 /* Frameworks */ = {
			isa = PBXGroup;
			children = (
				A873F3D71661D6E300E25643 /* Foundation.framework */,
				A873F3D91661D6E300E25643 /* UIKit.framework */,
				A873F3DB1661D6E300E25643 /* CoreGraphics.framework */,
				A873F3DD1661D6E300E25643 /* AddressBook.framework */,
				A873F3DF1661D6E300E25643 /* AddressBookUI.framework */,
				A873F3E11661D6E300E25643 /* AudioToolbox.framework */,
				A873F3E31661D6E300E25643 /* AVFoundation.framework */,
				A873F3E51661D6E300E25643 /* CoreLocation.framework */,
				A873F3E71661D6E300E25643 /* MediaPlayer.framework */,
				A873F3E91661D6E300E25643 /* QuartzCore.framework */,
				A873F3EB1661D6E300E25643 /* SystemConfiguration.framework */,
				A873F3ED1661D6E300E25643 /* MobileCoreServices.framework */,
				A873F3EF1661D6E300E25643 /* CoreMedia.framework */,
			);
			name = Frameworks;
			sourceTree = "<group>";
		};
		A873F3F11661D6E300E25643 /* Counter */ = {
			isa = PBXGroup;
			children = (
				A873F3FA1661D6E300E25643 /* Cordova.framework */,
				A873F3FC1661D6E300E25643 /* Resources */,
				A873F41D1661D6E300E25643 /* Classes */,
				A873F4261661D6E300E25643 /* Plugins */,
				A873F3F21661D6E300E25643 /* Supporting Files */,
			);
			path = Counter;
			sourceTree = "<group>";
		};
		A873F3F21661D6E300E25643 /* Supporting Files */ = {
			isa = PBXGroup;
			children = (
				A873F3F31661D6E300E25643 /* Counter-Info.plist */,
				A873F3F41661D6E300E25643 /* InfoPlist.strings */,
				A873F3F71661D6E300E25643 /* main.m */,
				A873F3F91661D6E300E25643 /* Counter-Prefix.pch */,
				A873F41B1661D6E300E25643 /* Cordova.plist */,
				A873F4241661D6E300E25643 /* MainViewController.xib */,
				A873F4281661D6E300E25643 /* verify.sh */,
			);
			name = "Supporting Files";
			sourceTree = "<group>";
		};
		A873F3FC1661D6E300E25643 /* Resources */ = {
			isa = PBXGroup;
			children = (
				A873F4191661D6E300E25643 /* Capture.bundle */,
				A873F3FD1661D6E300E25643 /* en.lproj */,
				A873F4011661D6E300E25643 /* es.lproj */,
				A873F4051661D6E300E25643 /* de.lproj */,
				A873F4091661D6E300E25643 /* se.lproj */,
				A873F40D1661D6E300E25643 /* icons */,
				A873F4141661D6E300E25643 /* splash */,
			);
			name = Resources;
			sourceTree = "<group>";
		};
		A873F3FD1661D6E300E25643 /* en.lproj */ = {
			isa = PBXGroup;
			children = (
				A873F3FE1661D6E300E25643 /* Localizable.strings */,
			);
			name = en.lproj;
			sourceTree = "<group>";
		};
		A873F4011661D6E300E25643 /* es.lproj */ = {
			isa = PBXGroup;
			children = (
				A873F4021661D6E300E25643 /* Localizable.strings */,
			);
			name = es.lproj;
			sourceTree = "<group>";
		};
		A873F4051661D6E300E25643 /* de.lproj */ = {
			isa = PBXGroup;
			children = (
				A873F4061661D6E300E25643 /* Localizable.strings */,
			);
			name = de.lproj;
			sourceTree = "<group>";
		};
		A873F4091661D6E300E25643 /* se.lproj */ = {
			isa = PBXGroup;
			children = (
				A873F40A1661D6E300E25643 /* Localizable.strings */,
			);
			name = se.lproj;
			sourceTree = "<group>";
		};
		A873F40D1661D6E300E25643 /* icons */ = {
			isa = PBXGroup;
			children = (
				A873F40E1661D6E300E25643 /* icon.png */,
				A873F4101661D6E300E25643 /* icon@2x.png */,
				A873F4121661D6E300E25643 /* icon-72.png */,
			);
			name = icons;
			sourceTree = "<group>";
		};
		A873F4141661D6E300E25643 /* splash */ = {
			isa = PBXGroup;
			children = (
				A873F4151661D6E300E25643 /* Default~iphone.png */,
				A873F4171661D6E300E25643 /* Default@2x~iphone.png */,
			);
			name = splash;
			sourceTree = "<group>";
		};
		A873F41D1661D6E300E25643 /* Classes */ = {
			isa = PBXGroup;
			children = (
				A873F41E1661D6E300E25643 /* AppDelegate.h */,
				A873F41F1661D6E300E25643 /* AppDelegate.m */,
				A873F4211661D6E300E25643 /* MainViewController.h */,
				A873F4221661D6E300E25643 /* MainViewController.m */,
			);
			name = Classes;
			sourceTree = "<group>";
		};
		A873F4261661D6E300E25643 /* Plugins */ = {
			isa = PBXGroup;
			children = (
				A873F4271661D6E300E25643 /* README */,
			);
			name = Plugins;
			sourceTree = "<group>";
		};
/* End PBXGroup section */

/* Begin PBXNativeTarget section */
		A873F3D21661D6E300E25643 /* Counter */ = {
			isa = PBXNativeTarget;
			buildConfigurationList = A873F42B1661D6E300E25643 /* Build configuration list for PBXNativeTarget "Counter" */;
			buildPhases = (
				A873F3CC1661D6E300E25643 /* Sources */,
				A873F3CD1661D6E300E25643 /* Frameworks */,
				A873F3CE1661D6E300E25643 /* Resources */,
				A873F3CF1661D6E300E25643 /* Sources */,
				A873F3D01661D6E300E25643 /* Frameworks */,
				A873F3D11661D6E300E25643 /* ShellScript */,
			);
			buildRules = (
			);
			dependencies = (
			);
			name = Counter;
			productName = Counter;
			productReference = A873F3D31661D6E300E25643 /* Counter.app */;
			productType = "com.apple.product-type.application";
		};
/* End PBXNativeTarget section */

/* Begin PBXProject section */
		A873F3C71661D6E300E25643 /* Project object */ = {
			isa = PBXProject;
			attributes = {
				LastUpgradeCheck = 0450;
				ORGANIZATIONNAME = bps;
			};
			buildConfigurationList = A873F3CA1661D6E300E25643 /* Build configuration list for PBXProject "Counter" */;
			compatibilityVersion = "Xcode 3.2";
			developmentRegion = English;
			hasScannedForEncodings = 0;
			knownRegions = (
				en,
				es,
				de,
				se,
			);
			mainGroup = A873F3C51661D6E300E25643;
			productRefGroup = A873F3D41661D6E300E25643 /* Products */;
			projectDirPath = "";
			projectRoot = "";
			targets = (
				A873F3D21661D6E300E25643 /* Counter */,
			);
		};
/* End PBXProject section */

/* Begin PBXResourcesBuildPhase section */
		A873F3CE1661D6E300E25643 /* Resources */ = {
			isa = PBXResourcesBuildPhase;
			buildActionMask = 2147483647;
			files = (
				A873F3F61661D6E300E25643 /* InfoPlist.strings in Resources */,
				A873F4001661D6E300E25643 /* Localizable.strings in Resources */,
				A873F4041661D6E300E25643 /* Localizable.strings in Resources */,
				A873F4081661D6E300E25643 /* Localizable.strings in Resources */,
				A873F40C1661D6E300E25643 /* Localizable.strings in Resources */,
				A873F40F1661D6E300E25643 /* icon.png in Resources */,
				A873F4111661D6E300E25643 /* icon@2x.png in Resources */,
				A873F4131661D6E300E25643 /* icon-72.png in Resources */,
				A873F4161661D6E300E25643 /* Default~iphone.png in Resources */,
				A873F4181661D6E300E25643 /* Default@2x~iphone.png in Resources */,
				A873F41A1661D6E300E25643 /* Capture.bundle in Resources */,
				A873F41C1661D6E300E25643 /* Cordova.plist in Resources */,
				A873F4251661D6E300E25643 /* MainViewController.xib in Resources */,
				A873F42F1661D70B00E25643 /* www in Resources */,
			);
			runOnlyForDeploymentPostprocessing = 0;
		};
/* End PBXResourcesBuildPhase section */

/* Begin PBXShellScriptBuildPhase section */
		A873F3D11661D6E300E25643 /* ShellScript */ = {
			isa = PBXShellScriptBuildPhase;
			buildActionMask = 2147483647;
			files = (
			);
			inputPaths = (
			);
			outputPaths = (
			);
			runOnlyForDeploymentPostprocessing = 0;
			shellPath = /bin/bash;
			shellScript = "\n\t\t\t\t\t\t\t\tchmod 755 \"$PROJECT_DIR/$PROJECT_NAME/verify.sh\"\n\t\t\t\t\t\t\t\t\"$PROJECT_DIR/$PROJECT_NAME/verify.sh\"\n\t\t\t\t\t";
		};
/* End PBXShellScriptBuildPhase section */

/* Begin PBXSourcesBuildPhase section */
		A873F3CC1661D6E300E25643 /* Sources */ = {
			isa = PBXSourcesBuildPhase;
			buildActionMask = 2147483647;
			files = (
				A873F3F81661D6E300E25643 /* main.m in Sources */,
				A873F4201661D6E300E25643 /* AppDelegate.m in Sources */,
				A873F4231661D6E300E25643 /* MainViewController.m in Sources */,
			);
			runOnlyForDeploymentPostprocessing = 0;
		};
		A873F3CF1661D6E300E25643 /* Sources */ = {
			isa = PBXSourcesBuildPhase;
			buildActionMask = 2147483647;
			files = (
			);
			runOnlyForDeploymentPostprocessing = 0;
		};
/* End PBXSourcesBuildPhase section */

/* Begin PBXVariantGroup section */
		A873F3F41661D6E300E25643 /* InfoPlist.strings */ = {
			isa = PBXVariantGroup;
			children = (
				A873F3F51661D6E300E25643 /* en */,
			);
			name = InfoPlist.strings;
			sourceTree = "<group>";
		};
		A873F3FE1661D6E300E25643 /* Localizable.strings */ = {
			isa = PBXVariantGroup;
			children = (
				A873F3FF1661D6E300E25643 /* en */,
			);
			name = Localizable.strings;
			sourceTree = "<group>";
		};
		A873F4021661D6E300E25643 /* Localizable.strings */ = {
			isa = PBXVariantGroup;
			children = (
				A873F4031661D6E300E25643 /* es */,
			);
			name = Localizable.strings;
			sourceTree = "<group>";
		};
		A873F4061661D6E300E25643 /* Localizable.strings */ = {
			isa = PBXVariantGroup;
			children = (
				A873F4071661D6E300E25643 /* de */,
			);
			name = Localizable.strings;
			sourceTree = "<group>";
		};
		A873F40A1661D6E300E25643 /* Localizable.strings */ = {
			isa = PBXVariantGroup;
			children = (
				A873F40B1661D6E300E25643 /* se */,
			);
			name = Localizable.strings;
			sourceTree = "<group>";
		};
/* End PBXVariantGroup section */

/* Begin XCBuildConfiguration section */
		A873F4291661D6E300E25643 /* Debug */ = {
			isa = XCBuildConfiguration;
			buildSettings = {
				ALWAYS_SEARCH_USER_PATHS = NO;
				ARCHS = (
					armv6,
					"$(ARCHS_STANDARD_32_BIT)",
				);
				CLANG_CXX_LANGUAGE_STANDARD = "gnu++0x";
				CLANG_CXX_LIBRARY = "libc++";
				CLANG_WARN_EMPTY_BODY = YES;
				CLANG_WARN__DUPLICATE_METHOD_MATCH = YES;
				"CODE_SIGN_IDENTITY[sdk=iphoneos*]" = "iPhone Developer";
				COPY_PHASE_STRIP = NO;
				GCC_C_LANGUAGE_STANDARD = gnu99;
				GCC_DYNAMIC_NO_PIC = NO;
				GCC_OPTIMIZATION_LEVEL = 0;
				GCC_PREPROCESSOR_DEFINITIONS = (
					"DEBUG=1",
					"$(inherited)",
				);
				GCC_SYMBOLS_PRIVATE_EXTERN = NO;
				GCC_VERSION = com.apple.compilers.llvm.clang.1_0;
				GCC_WARN_ABOUT_RETURN_TYPE = YES;
				GCC_WARN_UNINITIALIZED_AUTOS = YES;
				GCC_WARN_UNUSED_VARIABLE = YES;
				IPHONEOS_DEPLOYMENT_TARGET = 3.0;
				ONLY_ACTIVE_ARCH = YES;
				SDKROOT = iphoneos;
			};
			name = Debug;
		};
		A873F42A1661D6E300E25643 /* Release */ = {
			isa = XCBuildConfiguration;
			buildSettings = {
				ALWAYS_SEARCH_USER_PATHS = NO;
				ARCHS = (
					armv6,
					"$(ARCHS_STANDARD_32_BIT)",
				);
				CLANG_CXX_LANGUAGE_STANDARD = "gnu++0x";
				CLANG_CXX_LIBRARY = "libc++";
				CLANG_WARN_EMPTY_BODY = YES;
				CLANG_WARN__DUPLICATE_METHOD_MATCH = YES;
				"CODE_SIGN_IDENTITY[sdk=iphoneos*]" = "iPhone Developer";
				COPY_PHASE_STRIP = YES;
				GCC_C_LANGUAGE_STANDARD = gnu99;
				GCC_VERSION = com.apple.compilers.llvm.clang.1_0;
				GCC_WARN_ABOUT_RETURN_TYPE = YES;
				GCC_WARN_UNINITIALIZED_AUTOS = YES;
				GCC_WARN_UNUSED_VARIABLE = YES;
				IPHONEOS_DEPLOYMENT_TARGET = 3.0;
				SDKROOT = iphoneos;
				VALIDATE_PRODUCT = YES;
			};
			name = Release;
		};
		A873F42C1661D6E300E25643 /* Debug */ = {
			isa = XCBuildConfiguration;
			buildSettings = {
				ALWAYS_SEARCH_USER_PATHS = YES;
				COPY_PHASE_STRIP = NO;
				FRAMEWORK_SEARCH_PATHS = /Users/Shared/Cordova/Frameworks;
				GCC_DYNAMIC_NO_PIC = NO;
				GCC_PRECOMPILE_PREFIX_HEADER = YES;
				GCC_PREFIX_HEADER = "Counter/Counter-Prefix.pch";
				GCC_PREPROCESSOR_DEFINITIONS = (
					"DEBUG=1,",
					"CORDOVA_FRAMEWORK=1",
				);
				INFOPLIST_FILE = "Counter/Counter-Info.plist";
				OTHER_LDFLAGS = (
					"-weak_framework",
					UIKit,
					"-weak_framework",
					AVFoundation,
					"-weak_framework",
					CoreMedia,
					"-weak-lSystem",
				);
				PRODUCT_NAME = "$(TARGET_NAME)";
				TARGETED_DEVICE_FAMILY = "1,2";
				WRAPPER_EXTENSION = app;
			};
			name = Debug;
		};
		A873F42D1661D6E300E25643 /* Release */ = {
			isa = XCBuildConfiguration;
			buildSettings = {
				ALWAYS_SEARCH_USER_PATHS = YES;
				COPY_PHASE_STRIP = YES;
				DEBUG_INFORMATION_FORMAT = "dwarf-with-dsym";
				FRAMEWORK_SEARCH_PATHS = /Users/Shared/Cordova/Frameworks;
				GCC_PRECOMPILE_PREFIX_HEADER = YES;
				GCC_PREFIX_HEADER = "Counter/Counter-Prefix.pch";
				GCC_PREPROCESSOR_DEFINITIONS = (
					"NDEBUG=1,",
					"CORDOVA_FRAMEWORK=1",
				);
				INFOPLIST_FILE = "Counter/Counter-Info.plist";
				OTHER_LDFLAGS = (
					"-weak_framework",
					UIKit,
					"-weak_framework",
					AVFoundation,
					"-weak_framework",
					CoreMedia,
					"-weak-lSystem",
				);
				PRODUCT_NAME = "$(TARGET_NAME)";
				TARGETED_DEVICE_FAMILY = "1,2";
				VALIDATE_PRODUCT = YES;
				WRAPPER_EXTENSION = app;
			};
			name = Release;
		};
/* End XCBuildConfiguration section */

/* Begin XCConfigurationList section */
		A873F3CA1661D6E300E25643 /* Build configuration list for PBXProject "Counter" */ = {
			isa = XCConfigurationList;
			buildConfigurations = (
				A873F4291661D6E300E25643 /* Debug */,
				A873F42A1661D6E300E25643 /* Release */,
			);
			defaultConfigurationIsVisible = 0;
			defaultConfigurationName = Release;
		};
		A873F42B1661D6E300E25643 /* Build configuration list for PBXNativeTarget "Counter" */ = {
			isa = XCConfigurationList;
			buildConfigurations = (
				A873F42C1661D6E300E25643 /* Debug */,
				A873F42D1661D6E300E25643 /* Release */,
			);
			defaultConfigurationIsVisible = 0;
		};
/* End XCConfigurationList section */
	};
	rootObject = A873F3C71661D6E300E25643 /* Project object */;
}
